
Microsoft Visual Studio Solution File, Format Version 12.00
# Visual Studio Version 17
VisualStudioVersion = 17.0.32126.317
MinimumVisualStudioVersion = 10.0.40219.1
Project("{FAE04EC0-301F-11D3-BF4B-00C04F79EFBC}") = "CleanetCode.TodoList.CLI", "CleanetCode.TodoList.CLI\CleanetCode.TodoList.CLI.csproj", "{FCDC3DC2-6F29-4C30-9EAE-8BF69ADA429F}"
EndProject
Global
	GlobalSection(SolutionConfigurationPlatforms) = preSolution
		Debug|Any CPU = Debug|Any CPU
		Release|Any CPU = Release|Any CPU
	EndGlobalSection
	GlobalSection(ProjectConfigurationPlatforms) = postSolution
		{FCDC3DC2-6F29-4C30-9EAE-8BF69ADA429F}.Debug|Any CPU.ActiveCfg = Debug|Any CPU
		{FCDC3DC2-6F29-4C30-9EAE-8BF69ADA429F}.Debug|Any CPU.Build.0 = Debug|Any CPU
		{FCDC3DC2-6F29-4C30-9EAE-8BF69ADA429F}.Release|Any CPU.ActiveCfg = Release|Any CPU
		{FCDC3DC2-6F29-4C30-9EAE-8BF69ADA429F}.Release|Any CPU.Build.0 = Release|Any CPU
	EndGlobalSection
	GlobalSection(SolutionProperties) = preSolution
		HideSolutionNode = FALSE
	EndGlobalSection
	GlobalSection(ExtensibilityGlobals) = postSolution
		SolutionGuid = {EB3B1B5E-53D8-4FAC-9DE1-BA217F71BEA1}
	EndGlobalSection
EndGlobal
